
Microsoft Visual Studio Solution File, Format Version 12.00
# Visual Studio Version 16
VisualStudioVersion = 16.0.32228.343
MinimumVisualStudioVersion = 10.0.40219.1
Project("{FAE04EC0-301F-11D3-BF4B-00C04F79EFBC}") = "Remedial_Biblioteca", "Remedial_Biblioteca\Remedial_Biblioteca.csproj", "{C4E3DB10-956D-4E94-92B3-9CED046A30C3}"
EndProject
Project("{FAE04EC0-301F-11D3-BF4B-00C04F79EFBC}") = "CapaDAL", "CapaDAL\CapaDAL.csproj", "{BD99149C-1041-467D-8094-B41ABDCC2FFA}"
EndProject
Project("{FAE04EC0-301F-11D3-BF4B-00C04F79EFBC}") = "CapaDLL", "CapaDLL\CapaDLL.csproj", "{B566CC3A-CFBF-400B-8582-0DF13CA95802}"
EndProject
Project("{FAE04EC0-301F-11D3-BF4B-00C04F79EFBC}") = "CapaENTIDAES", "CapaENTIDAES\CapaENTIDAES.csproj", "{352C8EE5-6D72-427C-9DD6-AF8FDD972204}"
EndProject
Global
	GlobalSection(SolutionConfigurationPlatforms) = preSolution
		Debug|Any CPU = Debug|Any CPU
		Release|Any CPU = Release|Any CPU
	EndGlobalSection
	GlobalSection(ProjectConfigurationPlatforms) = postSolution
		{C4E3DB10-956D-4E94-92B3-9CED046A30C3}.Debug|Any CPU.ActiveCfg = Debug|Any CPU
		{C4E3DB10-956D-4E94-92B3-9CED046A30C3}.Debug|Any CPU.Build.0 = Debug|Any CPU
		{C4E3DB10-956D-4E94-92B3-9CED046A30C3}.Release|Any CPU.ActiveCfg = Release|Any CPU
		{C4E3DB10-956D-4E94-92B3-9CED046A30C3}.Release|Any CPU.Build.0 = Release|Any CPU
		{BD99149C-1041-467D-8094-B41ABDCC2FFA}.Debug|Any CPU.ActiveCfg = Debug|Any CPU
		{BD99149C-1041-467D-8094-B41ABDCC2FFA}.Debug|Any CPU.Build.0 = Debug|Any CPU
		{BD99149C-1041-467D-8094-B41ABDCC2FFA}.Release|Any CPU.ActiveCfg = Release|Any CPU
		{BD99149C-1041-467D-8094-B41ABDCC2FFA}.Release|Any CPU.Build.0 = Release|Any CPU
		{B566CC3A-CFBF-400B-8582-0DF13CA95802}.Debug|Any CPU.ActiveCfg = Debug|Any CPU
		{B566CC3A-CFBF-400B-8582-0DF13CA95802}.Debug|Any CPU.Build.0 = Debug|Any CPU
		{B566CC3A-CFBF-400B-8582-0DF13CA95802}.Release|Any CPU.ActiveCfg = Release|Any CPU
		{B566CC3A-CFBF-400B-8582-0DF13CA95802}.Release|Any CPU.Build.0 = Release|Any CPU
		{352C8EE5-6D72-427C-9DD6-AF8FDD972204}.Debug|Any CPU.ActiveCfg = Debug|Any CPU
		{352C8EE5-6D72-427C-9DD6-AF8FDD972204}.Debug|Any CPU.Build.0 = Debug|Any CPU
		{352C8EE5-6D72-427C-9DD6-AF8FDD972204}.Release|Any CPU.ActiveCfg = Release|Any CPU
		{352C8EE5-6D72-427C-9DD6-AF8FDD972204}.Release|Any CPU.Build.0 = Release|Any CPU
	EndGlobalSection
	GlobalSection(SolutionProperties) = preSolution
		HideSolutionNode = FALSE
	EndGlobalSection
	GlobalSection(ExtensibilityGlobals) = postSolution
		SolutionGuid = {58BE9C2B-2929-4902-BDDD-152BC7042175}
	EndGlobalSection
EndGlobal
